{
  "name": "Laborator 11",
  "lockfileVersion": 3,
  "requires": true,
  "packages": {
    "": {
      "dependencies": {
        "emoji-datasource": "^15.0.0",
        "emoji-datasource-facebook": "^15.0.0"
      }
    },
    "node_modules/emoji-datasource": {
      "version": "15.0.0",
      "resolved": "https://registry.npmjs.org/emoji-datasource/-/emoji-datasource-15.0.0.tgz",
      "integrity": "sha512-SCl+2GRwh9z3177QnklUKr6/CWl40Z2Sxf2hQFnCaiOtyjJ8uQlsp/y3yrkTP8MGUlfv1lWJgsa1POUxj7fzPA=="
    },
    "node_modules/emoji-datasource-facebook": {
      "version": "15.0.0",
      "resolved": "https://registry.npmjs.org/emoji-datasource-facebook/-/emoji-datasource-facebook-15.0.0.tgz",
      "integrity": "sha512-+6+6/BA4kgPjU8A53PUybSC5urwUV3xKONORD5bpVBYv5uS74dctlWAMlxPt+uM59uj5+EXshBRbRM33ND6krQ=="
    }
  }
}
