
Microsoft Visual Studio Solution File, Format Version 12.00
# Visual Studio Version 17
VisualStudioVersion = 17.1.32328.378
MinimumVisualStudioVersion = 10.0.40219.1
Project("{FAE04EC0-301F-11D3-BF4B-00C04F79EFBC}") = "Lab1Exemplu", "Lab1Exemplu\Lab1Exemplu.csproj", "{09AF631F-CA67-4492-9A81-E31EF24271BE}"
EndProject
Global
	GlobalSection(SolutionConfigurationPlatforms) = preSolution
		Debug|Any CPU = Debug|Any CPU
		Release|Any CPU = Release|Any CPU
	EndGlobalSection
	GlobalSection(ProjectConfigurationPlatforms) = postSolution
		{09AF631F-CA67-4492-9A81-E31EF24271BE}.Debug|Any CPU.ActiveCfg = Debug|Any CPU
		{09AF631F-CA67-4492-9A81-E31EF24271BE}.Debug|Any CPU.Build.0 = Debug|Any CPU
		{09AF631F-CA67-4492-9A81-E31EF24271BE}.Release|Any CPU.ActiveCfg = Release|Any CPU
		{09AF631F-CA67-4492-9A81-E31EF24271BE}.Release|Any CPU.Build.0 = Release|Any CPU
	EndGlobalSection
	GlobalSection(SolutionProperties) = preSolution
		HideSolutionNode = FALSE
	EndGlobalSection
	GlobalSection(ExtensibilityGlobals) = postSolution
		SolutionGuid = {48AD3719-458A-4F49-9BE2-9EE39E2BAAE8}
	EndGlobalSection
EndGlobal
