
Microsoft Visual Studio Solution File, Format Version 12.00
# Visual Studio Version 17
VisualStudioVersion = 17.3.32825.248
MinimumVisualStudioVersion = 10.0.40219.1
Project("{FAE04EC0-301F-11D3-BF4B-00C04F79EFBC}") = "Jocuri 221 2023", "Jocuri 221 2023.csproj", "{0FDD26B8-15AC-4D9A-BE6D-31FF4CC2B781}"
EndProject
Global
	GlobalSection(SolutionConfigurationPlatforms) = preSolution
		Debug|Any CPU = Debug|Any CPU
		Release|Any CPU = Release|Any CPU
	EndGlobalSection
	GlobalSection(ProjectConfigurationPlatforms) = postSolution
		{0FDD26B8-15AC-4D9A-BE6D-31FF4CC2B781}.Debug|Any CPU.ActiveCfg = Debug|Any CPU
		{0FDD26B8-15AC-4D9A-BE6D-31FF4CC2B781}.Debug|Any CPU.Build.0 = Debug|Any CPU
		{0FDD26B8-15AC-4D9A-BE6D-31FF4CC2B781}.Release|Any CPU.ActiveCfg = Release|Any CPU
		{0FDD26B8-15AC-4D9A-BE6D-31FF4CC2B781}.Release|Any CPU.Build.0 = Release|Any CPU
	EndGlobalSection
	GlobalSection(SolutionProperties) = preSolution
		HideSolutionNode = FALSE
	EndGlobalSection
	GlobalSection(ExtensibilityGlobals) = postSolution
		SolutionGuid = {65227C36-04BC-4245-8DDD-7F97574A2E62}
	EndGlobalSection
EndGlobal
